
Microsoft Visual Studio Solution File, Format Version 12.00
# Visual Studio Version 17
VisualStudioVersion = 17.4.33122.133
MinimumVisualStudioVersion = 10.0.40219.1
Project("{FAE04EC0-301F-11D3-BF4B-00C04F79EFBC}") = "FTSTraining.FirstExercise", "FTSTraining.FirstExercise\FTSTraining.FirstExercise.csproj", "{E30F27D7-648F-470F-911A-1F89B3B2B09C}"
EndProject
Global
	GlobalSection(SolutionConfigurationPlatforms) = preSolution
		Debug|Any CPU = Debug|Any CPU
		Release|Any CPU = Release|Any CPU
	EndGlobalSection
	GlobalSection(ProjectConfigurationPlatforms) = postSolution
		{E30F27D7-648F-470F-911A-1F89B3B2B09C}.Debug|Any CPU.ActiveCfg = Debug|Any CPU
		{E30F27D7-648F-470F-911A-1F89B3B2B09C}.Debug|Any CPU.Build.0 = Debug|Any CPU
		{E30F27D7-648F-470F-911A-1F89B3B2B09C}.Release|Any CPU.ActiveCfg = Release|Any CPU
		{E30F27D7-648F-470F-911A-1F89B3B2B09C}.Release|Any CPU.Build.0 = Release|Any CPU
	EndGlobalSection
	GlobalSection(SolutionProperties) = preSolution
		HideSolutionNode = FALSE
	EndGlobalSection
	GlobalSection(ExtensibilityGlobals) = postSolution
		SolutionGuid = {BF76C1FC-4009-4F0A-BE6D-38A7B82C084C}
	EndGlobalSection
EndGlobal
